
Microsoft Visual Studio Solution File, Format Version 12.00
# Visual Studio 2012
Project("{FAE04EC0-301F-11D3-BF4B-00C04F79EFBC}") = "Base64EncodeDecode", "Base64EncodeDecode\Base64EncodeDecode.csproj", "{0F76AF1C-5928-4D95-89E5-D0B8B63B9523}"
EndProject
Global
	GlobalSection(SolutionConfigurationPlatforms) = preSolution
		Debug|Any CPU = Debug|Any CPU
		Release|Any CPU = Release|Any CPU
	EndGlobalSection
	GlobalSection(ProjectConfigurationPlatforms) = postSolution
		{0F76AF1C-5928-4D95-89E5-D0B8B63B9523}.Debug|Any CPU.ActiveCfg = Debug|Any CPU
		{0F76AF1C-5928-4D95-89E5-D0B8B63B9523}.Debug|Any CPU.Build.0 = Debug|Any CPU
		{0F76AF1C-5928-4D95-89E5-D0B8B63B9523}.Release|Any CPU.ActiveCfg = Release|Any CPU
		{0F76AF1C-5928-4D95-89E5-D0B8B63B9523}.Release|Any CPU.Build.0 = Release|Any CPU
	EndGlobalSection
	GlobalSection(SolutionProperties) = preSolution
		HideSolutionNode = FALSE
	EndGlobalSection
EndGlobal
